
Microsoft Visual Studio Solution File, Format Version 12.00
# Visual Studio Version 16
VisualStudioVersion = 16.0.30406.217
MinimumVisualStudioVersion = 10.0.40219.1
Project("{FAE04EC0-301F-11D3-BF4B-00C04F79EFBC}") = "NotificationWebService", "NotificationWebService\NotificationWebService.csproj", "{5462F445-F71A-49EB-AF48-79AC68188417}"
EndProject
Project("{FAE04EC0-301F-11D3-BF4B-00C04F79EFBC}") = "SignalRClient", "SignalRClient\SignalRClient.csproj", "{7F21C6C6-58CE-4244-8811-2BFA81DD172B}"
EndProject
Project("{FAE04EC0-301F-11D3-BF4B-00C04F79EFBC}") = "NotificationMaker", "NotificationMaker\NotificationMaker.csproj", "{6CD15DAF-816C-437D-A47D-CB81C14BE185}"
EndProject
Global
	GlobalSection(SolutionConfigurationPlatforms) = preSolution
		Debug|Any CPU = Debug|Any CPU
		Release|Any CPU = Release|Any CPU
	EndGlobalSection
	GlobalSection(ProjectConfigurationPlatforms) = postSolution
		{5462F445-F71A-49EB-AF48-79AC68188417}.Debug|Any CPU.ActiveCfg = Debug|Any CPU
		{5462F445-F71A-49EB-AF48-79AC68188417}.Debug|Any CPU.Build.0 = Debug|Any CPU
		{5462F445-F71A-49EB-AF48-79AC68188417}.Release|Any CPU.ActiveCfg = Release|Any CPU
		{5462F445-F71A-49EB-AF48-79AC68188417}.Release|Any CPU.Build.0 = Release|Any CPU
		{7F21C6C6-58CE-4244-8811-2BFA81DD172B}.Debug|Any CPU.ActiveCfg = Debug|Any CPU
		{7F21C6C6-58CE-4244-8811-2BFA81DD172B}.Debug|Any CPU.Build.0 = Debug|Any CPU
		{7F21C6C6-58CE-4244-8811-2BFA81DD172B}.Release|Any CPU.ActiveCfg = Release|Any CPU
		{7F21C6C6-58CE-4244-8811-2BFA81DD172B}.Release|Any CPU.Build.0 = Release|Any CPU
		{6CD15DAF-816C-437D-A47D-CB81C14BE185}.Debug|Any CPU.ActiveCfg = Debug|Any CPU
		{6CD15DAF-816C-437D-A47D-CB81C14BE185}.Debug|Any CPU.Build.0 = Debug|Any CPU
		{6CD15DAF-816C-437D-A47D-CB81C14BE185}.Release|Any CPU.ActiveCfg = Release|Any CPU
		{6CD15DAF-816C-437D-A47D-CB81C14BE185}.Release|Any CPU.Build.0 = Release|Any CPU
	EndGlobalSection
	GlobalSection(SolutionProperties) = preSolution
		HideSolutionNode = FALSE
	EndGlobalSection
	GlobalSection(ExtensibilityGlobals) = postSolution
		SolutionGuid = {7A5E16C8-D30C-4640-BAF3-88338B763503}
	EndGlobalSection
EndGlobal
